
Microsoft Visual Studio Solution File, Format Version 12.00
# Visual Studio Version 16
VisualStudioVersion = 16.0.29728.190
MinimumVisualStudioVersion = 10.0.40219.1
Project("{FAE04EC0-301F-11D3-BF4B-00C04F79EFBC}") = "ZData.LoanCalculator.Common", "ZData.LoanCalculator.Common\ZData.LoanCalculator.Common.csproj", "{C6EB3E77-9554-4DCE-93AF-AF03905581F2}"
EndProject
Global
	GlobalSection(SolutionConfigurationPlatforms) = preSolution
		Debug|Any CPU = Debug|Any CPU
		Release|Any CPU = Release|Any CPU
	EndGlobalSection
	GlobalSection(ProjectConfigurationPlatforms) = postSolution
		{C6EB3E77-9554-4DCE-93AF-AF03905581F2}.Debug|Any CPU.ActiveCfg = Debug|Any CPU
		{C6EB3E77-9554-4DCE-93AF-AF03905581F2}.Debug|Any CPU.Build.0 = Debug|Any CPU
		{C6EB3E77-9554-4DCE-93AF-AF03905581F2}.Release|Any CPU.ActiveCfg = Release|Any CPU
		{C6EB3E77-9554-4DCE-93AF-AF03905581F2}.Release|Any CPU.Build.0 = Release|Any CPU
	EndGlobalSection
	GlobalSection(SolutionProperties) = preSolution
		HideSolutionNode = FALSE
	EndGlobalSection
	GlobalSection(ExtensibilityGlobals) = postSolution
		SolutionGuid = {2EEF0CA1-7AD2-4F7B-AB7B-4E71D8EFD8BF}
	EndGlobalSection
EndGlobal
